
Microsoft Visual Studio Solution File, Format Version 12.00
# Visual Studio 14
VisualStudioVersion = 14.0.25420.1
MinimumVisualStudioVersion = 10.0.40219.1
Project("{FAE04EC0-301F-11D3-BF4B-00C04F79EFBC}") = "TeduShop.Common", "TeduShop.Common\TeduShop.Common.csproj", "{D05549C1-885B-498E-8447-9B071D175E59}"
EndProject
Project("{FAE04EC0-301F-11D3-BF4B-00C04F79EFBC}") = "TeduShop.Model", "TeduShop.Model\TeduShop.Model.csproj", "{7B59ABAD-CE7C-4435-9E23-0E43E9D7F3BF}"
EndProject
Project("{FAE04EC0-301F-11D3-BF4B-00C04F79EFBC}") = "TeduShop.Data", "TeduShop.Data\TeduShop.Data.csproj", "{1A1C016F-B44A-4891-B25B-643466855F50}"
EndProject
Project("{FAE04EC0-301F-11D3-BF4B-00C04F79EFBC}") = "TeduShop.Service", "TeduShop.Service\TeduShop.Service.csproj", "{661429BD-CE89-406F-9FA9-E8E208FECD2E}"
EndProject
Project("{FAE04EC0-301F-11D3-BF4B-00C04F79EFBC}") = "TeduShop.UnitTest", "TeduShop.UnitTest\TeduShop.UnitTest.csproj", "{C138F700-1F2A-4B19-84F6-31F8FFF96BC9}"
EndProject
Project("{FAE04EC0-301F-11D3-BF4B-00C04F79EFBC}") = "TeduShop.Web", "TeduShop.Web\TeduShop.Web.csproj", "{D3BE1069-10AF-48BF-98C2-DC2A830B0B87}"
EndProject
Global
	GlobalSection(SolutionConfigurationPlatforms) = preSolution
		Debug|Any CPU = Debug|Any CPU
		Release|Any CPU = Release|Any CPU
	EndGlobalSection
	GlobalSection(ProjectConfigurationPlatforms) = postSolution
		{D05549C1-885B-498E-8447-9B071D175E59}.Debug|Any CPU.ActiveCfg = Debug|Any CPU
		{D05549C1-885B-498E-8447-9B071D175E59}.Debug|Any CPU.Build.0 = Debug|Any CPU
		{D05549C1-885B-498E-8447-9B071D175E59}.Release|Any CPU.ActiveCfg = Release|Any CPU
		{D05549C1-885B-498E-8447-9B071D175E59}.Release|Any CPU.Build.0 = Release|Any CPU
		{7B59ABAD-CE7C-4435-9E23-0E43E9D7F3BF}.Debug|Any CPU.ActiveCfg = Debug|Any CPU
		{7B59ABAD-CE7C-4435-9E23-0E43E9D7F3BF}.Debug|Any CPU.Build.0 = Debug|Any CPU
		{7B59ABAD-CE7C-4435-9E23-0E43E9D7F3BF}.Release|Any CPU.ActiveCfg = Release|Any CPU
		{7B59ABAD-CE7C-4435-9E23-0E43E9D7F3BF}.Release|Any CPU.Build.0 = Release|Any CPU
		{1A1C016F-B44A-4891-B25B-643466855F50}.Debug|Any CPU.ActiveCfg = Debug|Any CPU
		{1A1C016F-B44A-4891-B25B-643466855F50}.Debug|Any CPU.Build.0 = Debug|Any CPU
		{1A1C016F-B44A-4891-B25B-643466855F50}.Release|Any CPU.ActiveCfg = Release|Any CPU
		{1A1C016F-B44A-4891-B25B-643466855F50}.Release|Any CPU.Build.0 = Release|Any CPU
		{661429BD-CE89-406F-9FA9-E8E208FECD2E}.Debug|Any CPU.ActiveCfg = Debug|Any CPU
		{661429BD-CE89-406F-9FA9-E8E208FECD2E}.Debug|Any CPU.Build.0 = Debug|Any CPU
		{661429BD-CE89-406F-9FA9-E8E208FECD2E}.Release|Any CPU.ActiveCfg = Release|Any CPU
		{661429BD-CE89-406F-9FA9-E8E208FECD2E}.Release|Any CPU.Build.0 = Release|Any CPU
		{C138F700-1F2A-4B19-84F6-31F8FFF96BC9}.Debug|Any CPU.ActiveCfg = Debug|Any CPU
		{C138F700-1F2A-4B19-84F6-31F8FFF96BC9}.Debug|Any CPU.Build.0 = Debug|Any CPU
		{C138F700-1F2A-4B19-84F6-31F8FFF96BC9}.Release|Any CPU.ActiveCfg = Release|Any CPU
		{C138F700-1F2A-4B19-84F6-31F8FFF96BC9}.Release|Any CPU.Build.0 = Release|Any CPU
		{D3BE1069-10AF-48BF-98C2-DC2A830B0B87}.Debug|Any CPU.ActiveCfg = Debug|Any CPU
		{D3BE1069-10AF-48BF-98C2-DC2A830B0B87}.Debug|Any CPU.Build.0 = Debug|Any CPU
		{D3BE1069-10AF-48BF-98C2-DC2A830B0B87}.Release|Any CPU.ActiveCfg = Release|Any CPU
		{D3BE1069-10AF-48BF-98C2-DC2A830B0B87}.Release|Any CPU.Build.0 = Release|Any CPU
	EndGlobalSection
	GlobalSection(SolutionProperties) = preSolution
		HideSolutionNode = FALSE
	EndGlobalSection
EndGlobal
